
Microsoft Visual Studio Solution File, Format Version 12.00
# Visual Studio Version 16
VisualStudioVersion = 16.0.30907.101
MinimumVisualStudioVersion = 10.0.40219.1
Project("{FAE04EC0-301F-11D3-BF4B-00C04F79EFBC}") = "DepositForms", "DepositForms.csproj", "{8FA0DFF5-7D3C-4B50-AA48-CAC9783FFE37}"
EndProject
Global
	GlobalSection(SolutionConfigurationPlatforms) = preSolution
		Debug|Any CPU = Debug|Any CPU
		Release|Any CPU = Release|Any CPU
	EndGlobalSection
	GlobalSection(ProjectConfigurationPlatforms) = postSolution
		{8FA0DFF5-7D3C-4B50-AA48-CAC9783FFE37}.Debug|Any CPU.ActiveCfg = Debug|Any CPU
		{8FA0DFF5-7D3C-4B50-AA48-CAC9783FFE37}.Debug|Any CPU.Build.0 = Debug|Any CPU
		{8FA0DFF5-7D3C-4B50-AA48-CAC9783FFE37}.Release|Any CPU.ActiveCfg = Release|Any CPU
		{8FA0DFF5-7D3C-4B50-AA48-CAC9783FFE37}.Release|Any CPU.Build.0 = Release|Any CPU
	EndGlobalSection
	GlobalSection(SolutionProperties) = preSolution
		HideSolutionNode = FALSE
	EndGlobalSection
	GlobalSection(ExtensibilityGlobals) = postSolution
		SolutionGuid = {FE21E4D1-E7C9-4583-B544-0C510A550153}
	EndGlobalSection
EndGlobal
